
Microsoft Visual Studio Solution File, Format Version 12.00
# Visual Studio Version 16
VisualStudioVersion = 16.0.29215.179
MinimumVisualStudioVersion = 10.0.40219.1
Project("{FAE04EC0-301F-11D3-BF4B-00C04F79EFBC}") = "ProjectVortex", "E3Modz\ProjectVortex.csproj", "{ED3BA993-B68A-4BEC-BE04-67835DEFA96B}"
EndProject
Global
	GlobalSection(SolutionConfigurationPlatforms) = preSolution
		Debug|Any CPU = Debug|Any CPU
		Release|Any CPU = Release|Any CPU
	EndGlobalSection
	GlobalSection(ProjectConfigurationPlatforms) = postSolution
		{ED3BA993-B68A-4BEC-BE04-67835DEFA96B}.Debug|Any CPU.ActiveCfg = Debug|Any CPU
		{ED3BA993-B68A-4BEC-BE04-67835DEFA96B}.Debug|Any CPU.Build.0 = Debug|Any CPU
		{ED3BA993-B68A-4BEC-BE04-67835DEFA96B}.Release|Any CPU.ActiveCfg = Release|Any CPU
		{ED3BA993-B68A-4BEC-BE04-67835DEFA96B}.Release|Any CPU.Build.0 = Release|Any CPU
	EndGlobalSection
	GlobalSection(SolutionProperties) = preSolution
		HideSolutionNode = FALSE
	EndGlobalSection
	GlobalSection(ExtensibilityGlobals) = postSolution
		SolutionGuid = {800538D2-8EFF-4435-BD9D-0D147EC0F1D1}
	EndGlobalSection
EndGlobal
